
Microsoft Visual Studio Solution File, Format Version 12.00
# Visual Studio Version 17
VisualStudioVersion = 17.10.35013.160
MinimumVisualStudioVersion = 10.0.40219.1
Project("{FAE04EC0-301F-11D3-BF4B-00C04F79EFBC}") = "BIL551_LanguageLearningPlatform", "BIL551_LanguageLearningPlatform\BIL551_LanguageLearningPlatform.csproj", "{8B7F0B32-787D-49B7-8DB1-3D352630C7E1}"
EndProject
Global
	GlobalSection(SolutionConfigurationPlatforms) = preSolution
		Debug|Any CPU = Debug|Any CPU
		Release|Any CPU = Release|Any CPU
	EndGlobalSection
	GlobalSection(ProjectConfigurationPlatforms) = postSolution
		{8B7F0B32-787D-49B7-8DB1-3D352630C7E1}.Debug|Any CPU.ActiveCfg = Debug|Any CPU
		{8B7F0B32-787D-49B7-8DB1-3D352630C7E1}.Debug|Any CPU.Build.0 = Debug|Any CPU
		{8B7F0B32-787D-49B7-8DB1-3D352630C7E1}.Release|Any CPU.ActiveCfg = Release|Any CPU
		{8B7F0B32-787D-49B7-8DB1-3D352630C7E1}.Release|Any CPU.Build.0 = Release|Any CPU
	EndGlobalSection
	GlobalSection(SolutionProperties) = preSolution
		HideSolutionNode = FALSE
	EndGlobalSection
	GlobalSection(ExtensibilityGlobals) = postSolution
		SolutionGuid = {7666FB7C-698D-4ACB-A4A8-3D0D78F683DF}
	EndGlobalSection
EndGlobal
